
Microsoft Visual Studio Solution File, Format Version 12.00
# Visual Studio 14
VisualStudioVersion = 14.0.25123.0
MinimumVisualStudioVersion = 10.0.40219.1
Project("{AEEF9DA2-FD02-45AA-8B65-599F1621FB4E}") = "Sitecore.Support.101203", "Sitecore.Support.101203\Sitecore.Support.101203.csproj", "{23664E16-9285-4EC6-9D4E-A00AE0B85806}"
EndProject
Global
	GlobalSection(SolutionConfigurationPlatforms) = preSolution
		Debug|Any CPU = Debug|Any CPU
		Release|Any CPU = Release|Any CPU
	EndGlobalSection
	GlobalSection(ProjectConfigurationPlatforms) = postSolution
		{23664E16-9285-4EC6-9D4E-A00AE0B85806}.Debug|Any CPU.ActiveCfg = Debug|Any CPU
		{23664E16-9285-4EC6-9D4E-A00AE0B85806}.Debug|Any CPU.Build.0 = Debug|Any CPU
		{23664E16-9285-4EC6-9D4E-A00AE0B85806}.Release|Any CPU.ActiveCfg = Release|Any CPU
		{23664E16-9285-4EC6-9D4E-A00AE0B85806}.Release|Any CPU.Build.0 = Release|Any CPU
	EndGlobalSection
	GlobalSection(SolutionProperties) = preSolution
		HideSolutionNode = FALSE
	EndGlobalSection
EndGlobal
